{
  "name": "Portfolio Site",
  "lockfileVersion": 3,
  "requires": true,
  "packages": {
    "": {
      "dependencies": {
        "viewerjs": "^1.11.6"
      }
    },
    "node_modules/viewerjs": {
      "version": "1.11.6",
      "resolved": "https://registry.npmjs.org/viewerjs/-/viewerjs-1.11.6.tgz",
      "integrity": "sha512-TlhdSp2oEOLFXvEp4psKaeTjR5zBjTRcM/sHUN8PkV1UWuY8HKC8n7GaVdW5Xqnwdr/F1OmzLik1QwDjI4w/nw=="
    }
  }
}
